{
	"name": "learn-dep-impact",
	"version": "1.0.0",
	"lockfileVersion": 3,
	"requires": true,
	"packages": {
		"": {
			"name": "learn-dep-impact",
			"version": "1.0.0",
			"dependencies": {
				"pixelmatch": "8.0.0",
				"playwright": "1.64.0",
				"pngjs": "7.0.0"
			}
		},
		"node_modules/pixelmatch": {
			"version": "8.0.0",
			"resolved": "https://registry.npmjs.org/pixelmatch/-/pixelmatch-8.0.0.tgz",
			"integrity": "sha512-cIqOLfh5k52us715qf3B3+kTOxZv+WDv77HN7xokLScYQGYQHi4m/ynoDIPpvF2LvCyUJGyvzY64i0QCXtzu1g==",
			"license": "ISC",
			"dependencies": {
				"pngjs": "^7.0.0"
			},
			"bin": {
				"pixelmatch": "bin/pixelmatch"
			}
		},
		"node_modules/playwright": {
			"version": "1.64.0",
			"resolved": "https://registry.npmjs.org/playwright/-/playwright-1.64.0.tgz",
			"integrity": "sha512-kVzTnYFYEyQ9RGzBjNCd2+yEqWmVbxl3AHPynv3qQ6JTjv4a+kwRcnqQwIpuP3NnrnIrE/Q6wWAIAvMfIE2/Yg==",
			"license": "Apache-2.0",
			"dependencies": {
				"playwright-core": "1.64.0"
			},
			"bin": {
				"playwright": "cli.js"
			},
			"engines": {
				"node": ">=20"
			}
		},
		"node_modules/playwright-core": {
			"version": "1.64.0",
			"resolved": "https://registry.npmjs.org/playwright-core/-/playwright-core-1.64.0.tgz",
			"integrity": "sha512-T9r+MZkTECl2+oUcZ26YgZzTrYidTsIhYYkJix+6iDOymOb1FB2RLLSOxRGnZGv5DStt+aduIVbt+E8WygXYpg==",
			"license": "Apache-2.0",
			"bin": {
				"playwright-core": "cli.js"
			},
			"engines": {
				"node": ">=20"
			}
		},
		"node_modules/pngjs": {
			"version": "7.0.0",
			"resolved": "https://registry.npmjs.org/pngjs/-/pngjs-7.0.0.tgz",
			"integrity": "sha512-LKWqWJRhstyYo9pGvgor/ivk2w94eSjE3RGVuzLGlr3NmD8bf7RcYGze1mNdEHRP6TRP6rMuDHk5t44hnTRyow==",
			"license": "MIT",
			"engines": {
				"node": ">=14.19.0"
			}
		}
	}
}
